<?xml version="1.0" encoding="utf-8"?>
<Project ToolsVersion="4.0" xmlns="http://schemas.microsoft.com/developer/msbuild/2003">
  <ItemGroup>
    <Filter Include="Source Files">
      <UniqueIdentifier>{4FC737F1-C7A5-4376-A066-2A32D752A2FF}</UniqueIdentifier>
      <Extensions>qml;cpp;c;cc;cxx;def;odl;idl;hpj;bat;asm;asmx</Extensions>
    </Filter>
    <Filter Include="Header Files">
      <UniqueIdentifier>{93995380-89BD-4b04-88EB-625FBE52EBFB}</UniqueIdentifier>
      <Extensions>h;hh;hpp;hxx;hm;inl;inc;xsd</Extensions>
    </Filter>
    <Filter Include="Resource Files">
      <UniqueIdentifier>{67DA6AB6-F800-4c08-8B7A-83BB121AAD01}</UniqueIdentifier>
      <Extensions>qrc;rc;ico;cur;bmp;dlg;rc2;rct;bin;rgs;gif;jpg;jpeg;jpe;resx;tiff;tif;png;wav;mfcribbon-ms</Extensions>
    </Filter>
    <Filter Include="Form Files">
      <UniqueIdentifier>{99349809-55BA-4b9d-BF79-8FDBB0286EB3}</UniqueIdentifier>
      <Extensions>ui</Extensions>
    </Filter>
    <Filter Include="Translation Files">
      <UniqueIdentifier>{639EADAA-A684-42e4-A9AD-28FC9BCB8F7C}</UniqueIdentifier>
      <Extensions>ts</Extensions>
    </Filter>
    <Filter Include="Widget Files">
      <UniqueIdentifier>{71b6044a-e87e-4b38-a7d2-e99ff3f34285}</UniqueIdentifier>
    </Filter>
    <Filter Include="Rendering Files">
      <UniqueIdentifier>{4b848112-0fc2-4e87-ac09-8f54e4f106c4}</UniqueIdentifier>
    </Filter>
    <Filter Include="Widget Files\Dialogs">
      <UniqueIdentifier>{1ee42a46-7046-443d-93d3-549da31bc605}</UniqueIdentifier>
    </Filter>
    <Filter Include="Widget Files\Widget Support">
      <UniqueIdentifier>{72b5cf50-e93f-4f07-861e-a43d31ea1893}</UniqueIdentifier>
    </Filter>
    <Filter Include="Form Files\Dialogs">
      <UniqueIdentifier>{d8119332-c00f-4568-9177-dcf1b6490232}</UniqueIdentifier>
    </Filter>
    <Filter Include="Rendering Files\Camera">
      <UniqueIdentifier>{9f908cb2-c1ec-406f-a889-aa7d3d115205}</UniqueIdentifier>
    </Filter>
    <Filter Include="Core">
      <UniqueIdentifier>{fbf04662-c978-4270-bdea-52cb45de98fb}</UniqueIdentifier>
    </Filter>
    <Filter Include="Core\Utility">
      <UniqueIdentifier>{657d5c8b-af71-488b-b81c-f8d24d58933c}</UniqueIdentifier>
    </Filter>
    <Filter Include="Core\Database">
      <UniqueIdentifier>{252bb75a-bb3c-439c-8e5f-a7be70b90bae}</UniqueIdentifier>
    </Filter>
    <Filter Include="Core\Filesystem">
      <UniqueIdentifier>{c7c9f604-2605-4e5c-ac56-c761496290f2}</UniqueIdentifier>
    </Filter>
    <Filter Include="Core\Game">
      <UniqueIdentifier>{3c201c27-bc82-4aa0-b12a-481c6629db89}</UniqueIdentifier>
    </Filter>
    <Filter Include="Core\Database\BFA">
      <UniqueIdentifier>{c902f28c-d2d2-4f56-8c62-a8d4e5dc85a3}</UniqueIdentifier>
    </Filter>
    <Filter Include="Core\Database\Definition Files">
      <UniqueIdentifier>{0e087805-b740-452c-b3b0-87afb4f60c77}</UniqueIdentifier>
    </Filter>
    <Filter Include="Core\Database\Generic">
      <UniqueIdentifier>{120d722f-2f4f-4b06-9704-7ddb41751d57}</UniqueIdentifier>
    </Filter>
    <Filter Include="Core\Database\Vanilla">
      <UniqueIdentifier>{740a32ac-0ddf-430e-a78c-a7bb34160176}</UniqueIdentifier>
    </Filter>
    <Filter Include="Core\Database\WOTLK">
      <UniqueIdentifier>{aba452e8-1b44-431d-bb92-b9aec2bf091b}</UniqueIdentifier>
    </Filter>
    <Filter Include="Core\Filesystem\CASC">
      <UniqueIdentifier>{1d8e1e2c-ee5b-48e9-9ced-6d7196561330}</UniqueIdentifier>
    </Filter>
    <Filter Include="Core\Filesystem\MPQ">
      <UniqueIdentifier>{6db3b413-5456-462a-94d4-c21469247169}</UniqueIdentifier>
    </Filter>
    <Filter Include="Core\Modeling">
      <UniqueIdentifier>{ee640045-eb63-4f5f-b935-e472f27e93cb}</UniqueIdentifier>
    </Filter>
    <Filter Include="Core\Modeling\Scene">
      <UniqueIdentifier>{63182680-ac5e-45bb-8197-e3c9bfb08988}</UniqueIdentifier>
    </Filter>
    <Filter Include="Support Files">
      <UniqueIdentifier>{b8a7642f-c45e-4e6b-9ed7-3332eb958ba6}</UniqueIdentifier>
    </Filter>
    <Filter Include="Exporter Files">
      <UniqueIdentifier>{32c42e01-bb06-41c8-abb8-4a9ddb884f19}</UniqueIdentifier>
    </Filter>
    <Filter Include="Core\Database\WDBDefs">
      <UniqueIdentifier>{ca698029-d962-4d22-a9cc-5390177655eb}</UniqueIdentifier>
    </Filter>
    <Filter Include="Core\Database\TBC">
      <UniqueIdentifier>{e0818e85-0fe6-4a7b-8395-663a942fa427}</UniqueIdentifier>
    </Filter>
  </ItemGroup>
  <ItemGroup>
    <QtRcc Include="WMVx.qrc">
      <Filter>Resource Files</Filter>
    </QtRcc>
    <QtUic Include="WMVx.ui">
      <Filter>Form Files</Filter>
    </QtUic>
    <QtMoc Include="WMVx.h">
      <Filter>Header Files</Filter>
    </QtMoc>
    <ClCompile Include="WMVx.cpp">
      <Filter>Source Files</Filter>
    </ClCompile>
    <None Include="WMVx.ico">
      <Filter>Resource Files</Filter>
    </None>
    <ResourceCompile Include="WMVx.rc">
      <Filter>Resource Files</Filter>
    </ResourceCompile>
    <ClInclude Include="stdafx.h">
      <Filter>Header Files</Filter>
    </ClInclude>
    <ClCompile Include="stdafx.cpp">
      <Filter>Source Files</Filter>
    </ClCompile>
  </ItemGroup>
  <ItemGroup>
    <ClCompile Include="main.cpp">
      <Filter>Source Files</Filter>
    </ClCompile>
    <ClCompile Include="LibraryFilesControl.cpp">
      <Filter>Widget Files</Filter>
    </ClCompile>
    <ClCompile Include="CharacterControl.cpp">
      <Filter>Widget Files</Filter>
    </ClCompile>
    <ClCompile Include="ModelControl.cpp">
      <Filter>Widget Files</Filter>
    </ClCompile>
    <ClCompile Include="RenderWidget.cpp">
      <Filter>Widget Files</Filter>
    </ClCompile>
    <ClCompile Include="SceneControl.cpp">
      <Filter>Widget Files</Filter>
    </ClCompile>
    <ClCompile Include="core\filesystem\MPQFilesystem.cpp">
      <Filter>Core\Filesystem\MPQ</Filter>
    </ClCompile>
    <ClCompile Include="ddslib.cpp">
      <Filter>Rendering Files</Filter>
    </ClCompile>
    <ClCompile Include="AnimationControl.cpp">
      <Filter>Widget Files</Filter>
    </ClCompile>
    <ClCompile Include="WMVxSettings.cpp">
      <Filter>Source Files</Filter>
    </ClCompile>
    <ClCompile Include="AboutDialog.cpp">
      <Filter>Widget Files\Dialogs</Filter>
    </ClCompile>
    <ClCompile Include="SettingsDialog.cpp">
      <Filter>Widget Files\Dialogs</Filter>
    </ClCompile>
    <ClCompile Include="EquipmentChoiceDialog.cpp">
      <Filter>Widget Files\Dialogs</Filter>
    </ClCompile>
    <ClCompile Include="ModelRenderPassRenderer.cpp">
      <Filter>Rendering Files</Filter>
    </ClCompile>
    <ClCompile Include="ClientChoiceDialog.cpp">
      <Filter>Widget Files\Dialogs</Filter>
    </ClCompile>
    <ClCompile Include="LibraryNpcsControl.cpp">
      <Filter>Widget Files</Filter>
    </ClCompile>
    <ClCompile Include="DevTools.cpp">
      <Filter>Source Files</Filter>
    </ClCompile>
    <ClCompile Include="CustomTabardDialog.cpp">
      <Filter>Widget Files\Dialogs</Filter>
    </ClCompile>
    <ClCompile Include="Debounce.cpp">
      <Filter>Widget Files\Widget Support</Filter>
    </ClCompile>
    <ClCompile Include="WMVxVideoCapabilities.cpp">
      <Filter>Rendering Files</Filter>
    </ClCompile>
    <ClCompile Include="core\filesystem\CascFileSystem.cpp">
      <Filter>Core\Filesystem\CASC</Filter>
    </ClCompile>
    <ClCompile Include="core\utility\Math.cpp">
      <Filter>Core\Utility</Filter>
    </ClCompile>
    <ClCompile Include="ExportImageDialog.cpp">
      <Filter>Widget Files\Dialogs</Filter>
    </ClCompile>
    <ClCompile Include="BasicCamera.cpp">
      <Filter>Rendering Files\Camera</Filter>
    </ClCompile>
    <ClCompile Include="ArcBallCamera.cpp">
      <Filter>Rendering Files\Camera</Filter>
    </ClCompile>
    <ClCompile Include="core\modeling\Scene.cpp">
      <Filter>Core\Modeling\Scene</Filter>
    </ClCompile>
    <ClCompile Include="core\modeling\SceneIO.cpp">
      <Filter>Core\Modeling\Scene</Filter>
    </ClCompile>
    <ClCompile Include="EffectChoiceDialog.cpp">
      <Filter>Widget Files\Dialogs</Filter>
    </ClCompile>
    <ClCompile Include="Export3dDialog.cpp">
      <Filter>Widget Files\Dialogs</Filter>
    </ClCompile>
    <ClCompile Include="core\game\GameClientAdaptor.cpp">
      <Filter>Core\Game</Filter>
    </ClCompile>
    <ClCompile Include="core\modeling\Animator.cpp">
      <Filter>Core\Modeling</Filter>
    </ClCompile>
    <ClCompile Include="core\modeling\Attachment.cpp">
      <Filter>Core\Modeling</Filter>
    </ClCompile>
    <ClCompile Include="core\modeling\Model.cpp">
      <Filter>Core\Modeling</Filter>
    </ClCompile>
    <ClCompile Include="core\utility\Logger.cpp">
      <Filter>Core\Utility</Filter>
    </ClCompile>
    <ClCompile Include="core\modeling\Texture.cpp">
      <Filter>Core\Modeling</Filter>
    </ClCompile>
    <ClCompile Include="core\database\ReferenceSource.cpp">
      <Filter>Core\Database\Generic</Filter>
    </ClCompile>
    <ClCompile Include="core\game\GameConstants.cpp">
      <Filter>Core\Game</Filter>
    </ClCompile>
    <ClCompile Include="core\modeling\Particles.cpp">
      <Filter>Core\Modeling</Filter>
    </ClCompile>
    <ClCompile Include="core\modeling\TextureSet.cpp">
      <Filter>Core\Modeling</Filter>
    </ClCompile>
    <ClCompile Include="core\modeling\CharacterCustomization.cpp">
      <Filter>Core\Modeling</Filter>
    </ClCompile>
    <ClCompile Include="TextureTool.cpp">
      <Filter>Source Files</Filter>
    </ClCompile>
    <ClCompile Include="core\modeling\ModelSupport.cpp">
      <Filter>Core\Modeling</Filter>
    </ClCompile>
    <ClCompile Include="core\modeling\MergedModel.cpp">
      <Filter>Core\Modeling</Filter>
    </ClCompile>
    <ClCompile Include="exporter\FbxExporter.cpp">
      <Filter>Exporter Files</Filter>
    </ClCompile>
    <ClCompile Include="core\utility\Matrix.cpp">
      <Filter>Core\Utility</Filter>
    </ClCompile>
    <ClCompile Include="core\utility\Quaternion.cpp">
      <Filter>Core\Utility</Filter>
    </ClCompile>
    <ClCompile Include="core\modeling\AttachmentCustomization.cpp">
      <Filter>Core\Modeling</Filter>
    </ClCompile>
    <ClCompile Include="RenderControl.cpp">
      <Filter>Widget Files</Filter>
    </ClCompile>
    <ClCompile Include="core\modeling\M2.cpp">
      <Filter>Core\Modeling</Filter>
    </ClCompile>
    <ClCompile Include="AssetSupportCache.cpp">
      <Filter>Source Files</Filter>
    </ClCompile>
  </ItemGroup>
  <ItemGroup>
    <QtUic Include="LibraryFilesControl.ui">
      <Filter>Form Files</Filter>
    </QtUic>
    <QtUic Include="CharacterControl.ui">
      <Filter>Form Files</Filter>
    </QtUic>
    <QtUic Include="ModelControl.ui">
      <Filter>Form Files</Filter>
    </QtUic>
    <QtUic Include="SceneControl.ui">
      <Filter>Form Files</Filter>
    </QtUic>
    <QtUic Include="AnimationControl.ui">
      <Filter>Form Files</Filter>
    </QtUic>
    <QtUic Include="LibraryNpcsControl.ui">
      <Filter>Form Files</Filter>
    </QtUic>
    <QtUic Include="DevTools.ui">
      <Filter>Form Files</Filter>
    </QtUic>
    <QtUic Include="AboutDialog.ui">
      <Filter>Form Files\Dialogs</Filter>
    </QtUic>
    <QtUic Include="ClientChoiceDialog.ui">
      <Filter>Form Files\Dialogs</Filter>
    </QtUic>
    <QtUic Include="CustomTabardDialog.ui">
      <Filter>Form Files\Dialogs</Filter>
    </QtUic>
    <QtUic Include="EquipmentChoiceDialog.ui">
      <Filter>Form Files\Dialogs</Filter>
    </QtUic>
    <QtUic Include="ExportImageDialog.ui">
      <Filter>Form Files\Dialogs</Filter>
    </QtUic>
    <QtUic Include="SettingsDialog.ui">
      <Filter>Form Files\Dialogs</Filter>
    </QtUic>
    <QtUic Include="EffectChoiceDialog.ui">
      <Filter>Form Files\Dialogs</Filter>
    </QtUic>
    <QtUic Include="Export3dDialog.ui">
      <Filter>Form Files\Dialogs</Filter>
    </QtUic>
    <QtUic Include="TextureTool.ui">
      <Filter>Form Files</Filter>
    </QtUic>
    <QtUic Include="RenderControl.ui">
      <Filter>Form Files</Filter>
    </QtUic>
  </ItemGroup>
  <ItemGroup>
    <QtMoc Include="LibraryFilesControl.h">
      <Filter>Widget Files</Filter>
    </QtMoc>
    <QtMoc Include="CharacterControl.h">
      <Filter>Widget Files</Filter>
    </QtMoc>
    <QtMoc Include="ModelControl.h">
      <Filter>Widget Files</Filter>
    </QtMoc>
    <QtMoc Include="RenderWidget.h">
      <Filter>Widget Files</Filter>
    </QtMoc>
    <QtMoc Include="SceneControl.h">
      <Filter>Widget Files</Filter>
    </QtMoc>
    <QtMoc Include="AnimationControl.h">
      <Filter>Widget Files</Filter>
    </QtMoc>
    <QtMoc Include="WMVxSettings.h">
      <Filter>Header Files</Filter>
    </QtMoc>
    <QtMoc Include="AboutDialog.h">
      <Filter>Widget Files\Dialogs</Filter>
    </QtMoc>
    <QtMoc Include="SettingsDialog.h">
      <Filter>Widget Files\Dialogs</Filter>
    </QtMoc>
    <QtMoc Include="EquipmentChoiceDialog.h">
      <Filter>Widget Files\Dialogs</Filter>
    </QtMoc>
    <QtMoc Include="ClientChoiceDialog.h">
      <Filter>Widget Files\Dialogs</Filter>
    </QtMoc>
    <QtMoc Include="LibraryNpcsControl.h">
      <Filter>Widget Files</Filter>
    </QtMoc>
    <QtMoc Include="DevTools.h">
      <Filter>Header Files</Filter>
    </QtMoc>
    <QtMoc Include="CustomTabardDialog.h">
      <Filter>Widget Files\Dialogs</Filter>
    </QtMoc>
    <QtMoc Include="Debounce.h">
      <Filter>Widget Files\Widget Support</Filter>
    </QtMoc>
    <QtMoc Include="WMVxVideoCapabilities.h">
      <Filter>Rendering Files</Filter>
    </QtMoc>
    <QtMoc Include="ExportImageDialog.h">
      <Filter>Widget Files\Dialogs</Filter>
    </QtMoc>
    <QtMoc Include="core\modeling\Scene.h">
      <Filter>Core\Modeling\Scene</Filter>
    </QtMoc>
    <QtMoc Include="EffectChoiceDialog.h">
      <Filter>Widget Files\Dialogs</Filter>
    </QtMoc>
    <QtMoc Include="Export3dDialog.h">
      <Filter>Widget Files\Dialogs</Filter>
    </QtMoc>
    <QtMoc Include="core\utility\Logger.h">
      <Filter>Core\Utility</Filter>
    </QtMoc>
    <QtMoc Include="TextureTool.h">
      <Filter>Header Files</Filter>
    </QtMoc>
    <QtMoc Include="RenderControl.h">
      <Filter>Widget Files</Filter>
    </QtMoc>
    <QtMoc Include="AssetSupportCache.h">
      <Filter>Header Files</Filter>
    </QtMoc>
  </ItemGroup>
  <ItemGroup>
    <ClInclude Include="core\filesystem\MPQFileSystem.h">
      <Filter>Core\Filesystem\MPQ</Filter>
    </ClInclude>
    <ClInclude Include="OpenGL.h">
      <Filter>Header Files</Filter>
    </ClInclude>
    <ClInclude Include="ddslib.h">
      <Filter>Rendering Files</Filter>
    </ClInclude>
    <ClInclude Include="core\utility\Color.h">
      <Filter>Core\Utility</Filter>
    </ClInclude>
    <ClInclude Include="core\utility\Math.h">
      <Filter>Core\Utility</Filter>
    </ClInclude>
    <ClInclude Include="core\utility\Matrix.h">
      <Filter>Core\Utility</Filter>
    </ClInclude>
    <ClInclude Include="core\utility\Quaternion.h">
      <Filter>Core\Utility</Filter>
    </ClInclude>
    <ClInclude Include="core\utility\Vector2.h">
      <Filter>Core\Utility</Filter>
    </ClInclude>
    <ClInclude Include="core\utility\Vector3.h">
      <Filter>Core\Utility</Filter>
    </ClInclude>
    <ClInclude Include="core\utility\Vector4.h">
      <Filter>Core\Utility</Filter>
    </ClInclude>
    <ClInclude Include="ModelRenderPassRenderer.h">
      <Filter>Rendering Files</Filter>
    </ClInclude>
    <ClInclude Include="core\utility\Exceptions.h">
      <Filter>Core\Utility</Filter>
    </ClInclude>
    <ClInclude Include="core\database\VanillaDatasetAdaptors.h">
      <Filter>Core\Database\Vanilla</Filter>
    </ClInclude>
    <ClInclude Include="core\database\VanillaDatasets.h">
      <Filter>Core\Database\Vanilla</Filter>
    </ClInclude>
    <ClInclude Include="core\database\VanillaGameDatabase.h">
      <Filter>Core\Database\Vanilla</Filter>
    </ClInclude>
    <ClInclude Include="core\database\WOTLKDatasetAdaptors.h">
      <Filter>Core\Database\WOTLK</Filter>
    </ClInclude>
    <ClInclude Include="core\database\WOTLKDatasets.h">
      <Filter>Core\Database\WOTLK</Filter>
    </ClInclude>
    <ClInclude Include="core\database\WOTLKGameDatabase.h">
      <Filter>Core\Database\WOTLK</Filter>
    </ClInclude>
    <ClInclude Include="core\database\GenericDBCDataset.h">
      <Filter>Core\Database\Generic</Filter>
    </ClInclude>
    <ClInclude Include="core\database\GenericDBCDatasetAdaptors.h">
      <Filter>Core\Database\Generic</Filter>
    </ClInclude>
    <ClInclude Include="WidgetUsesScene.h">
      <Filter>Widget Files\Widget Support</Filter>
    </ClInclude>
    <ClInclude Include="WidgetUsesGameClient.h">
      <Filter>Widget Files\Widget Support</Filter>
    </ClInclude>
    <ClInclude Include="core\filesystem\CascFileSystem.h">
      <Filter>Core\Filesystem\CASC</Filter>
    </ClInclude>
    <ClInclude Include="core\database\BFAGameDatabase.h">
      <Filter>Core\Database\BFA</Filter>
    </ClInclude>
    <ClInclude Include="core\database\BFADatasets.h">
      <Filter>Core\Database\BFA</Filter>
    </ClInclude>
    <ClInclude Include="BasicCamera.h">
      <Filter>Rendering Files\Camera</Filter>
    </ClInclude>
    <ClInclude Include="Camera.h">
      <Filter>Rendering Files\Camera</Filter>
    </ClInclude>
    <ClInclude Include="ArcBallCamera.h">
      <Filter>Rendering Files\Camera</Filter>
    </ClInclude>
    <ClInclude Include="core\modeling\SceneIO.h">
      <Filter>Core\Modeling\Scene</Filter>
    </ClInclude>
    <ClInclude Include="Build.h">
      <Filter>Header Files</Filter>
    </ClInclude>
    <ClInclude Include="core\game\GameConstants.h">
      <Filter>Core\Game</Filter>
    </ClInclude>
    <ClInclude Include="core\database\GameDatabase.h">
      <Filter>Core\Database</Filter>
    </ClInclude>
    <ClInclude Include="core\database\GameDataset.h">
      <Filter>Core\Database</Filter>
    </ClInclude>
    <ClInclude Include="core\database\GameDatasetAdaptors.h">
      <Filter>Core\Database</Filter>
    </ClInclude>
    <ClInclude Include="core\filesystem\GameFileSystem.h">
      <Filter>Core\Filesystem</Filter>
    </ClInclude>
    <ClInclude Include="core\game\GameClientInfo.h">
      <Filter>Core\Game</Filter>
    </ClInclude>
    <ClInclude Include="core\game\GameClientAdaptor.h">
      <Filter>Core\Game</Filter>
    </ClInclude>
    <ClInclude Include="core\utility\Singleton.h">
      <Filter>Core\Utility</Filter>
    </ClInclude>
    <ClInclude Include="core\modeling\Animation.h">
      <Filter>Core\Modeling</Filter>
    </ClInclude>
    <ClInclude Include="core\modeling\GenericModelAdaptors.h">
      <Filter>Core\Modeling</Filter>
    </ClInclude>
    <ClInclude Include="core\modeling\ModelAdaptors.h">
      <Filter>Core\Modeling</Filter>
    </ClInclude>
    <ClInclude Include="core\modeling\Animator.h">
      <Filter>Core\Modeling</Filter>
    </ClInclude>
    <ClInclude Include="core\modeling\Attachment.h">
      <Filter>Core\Modeling</Filter>
    </ClInclude>
    <ClInclude Include="core\modeling\Model.h">
      <Filter>Core\Modeling</Filter>
    </ClInclude>
    <ClInclude Include="core\modeling\ModelSupport.h">
      <Filter>Core\Modeling</Filter>
    </ClInclude>
    <ClInclude Include="core\modeling\Texture.h">
      <Filter>Core\Modeling</Filter>
    </ClInclude>
    <ClInclude Include="core\database\BFADatasetAdaptors.h">
      <Filter>Core\Database\BFA</Filter>
    </ClInclude>
    <ClInclude Include="core\database\GenericDB2Dataset.h">
      <Filter>Core\Database\Generic</Filter>
    </ClInclude>
    <ClInclude Include="core\filesystem\GameFileUri.h">
      <Filter>Core\Filesystem</Filter>
    </ClInclude>
    <ClInclude Include="core\database\ReferenceSource.h">
      <Filter>Core\Database\Generic</Filter>
    </ClInclude>
    <ClInclude Include="core\modeling\Particles.h">
      <Filter>Core\Modeling</Filter>
    </ClInclude>
    <ClInclude Include="core\modeling\TabardCustomization.h">
      <Filter>Core\Modeling</Filter>
    </ClInclude>
    <ClInclude Include="core\database\DB2Definitions.h">
      <Filter>Core\Database\Definition Files</Filter>
    </ClInclude>
    <ClInclude Include="core\modeling\TextureSet.h">
      <Filter>Core\Modeling</Filter>
    </ClInclude>
    <ClInclude Include="core\utility\ScopeGuard.h">
      <Filter>Core\Utility</Filter>
    </ClInclude>
    <ClInclude Include="core\modeling\CharacterCustomization.h">
      <Filter>Core\Modeling</Filter>
    </ClInclude>
    <ClInclude Include="core\database\FileDataGameDatabase.h">
      <Filter>Core\Database</Filter>
    </ClInclude>
    <ClInclude Include="core\database\ModernDatasetAdaptors.h">
      <Filter>Core\Database\Generic</Filter>
    </ClInclude>
    <ClInclude Include="core\database\ModernDatasets.h">
      <Filter>Core\Database\Generic</Filter>
    </ClInclude>
    <ClInclude Include="core\modeling\ModelPathInfo.h">
      <Filter>Core\Modeling</Filter>
    </ClInclude>
    <ClInclude Include="core\utility\Memory.h">
      <Filter>Core\Utility</Filter>
    </ClInclude>
    <ClInclude Include="core\modeling\MergedModel.h">
      <Filter>Core\Modeling</Filter>
    </ClInclude>
    <ClInclude Include="exporter\FbxExporter.h">
      <Filter>Exporter Files</Filter>
    </ClInclude>
    <ClInclude Include="Formatting.h">
      <Filter>Header Files</Filter>
    </ClInclude>
    <ClInclude Include="exporter\FbxExporterImpl.h">
      <Filter>Exporter Files</Filter>
    </ClInclude>
    <ClInclude Include="DialogChoiceMethod.h">
      <Filter>Widget Files\Widget Support</Filter>
    </ClInclude>
    <ClInclude Include="core\modeling\AttachmentCustomization.h">
      <Filter>Core\Modeling</Filter>
    </ClInclude>
    <ClInclude Include="core\modeling\ComponentMeta.h">
      <Filter>Core\Modeling</Filter>
    </ClInclude>
    <ClInclude Include="core\database\VanillaDefinitions.h">
      <Filter>Core\Database\Definition Files</Filter>
    </ClInclude>
    <ClInclude Include="core\database\WOTLKDefinitions.h">
      <Filter>Core\Database\Definition Files</Filter>
    </ClInclude>
    <ClInclude Include="core\database\BFADefinitions.h">
      <Filter>Core\Database\Definition Files</Filter>
    </ClInclude>
    <ClInclude Include="core\modeling\M2.h">
      <Filter>Core\Modeling</Filter>
    </ClInclude>
    <ClInclude Include="core\modeling\BLP.h">
      <Filter>Core\Modeling</Filter>
    </ClInclude>
    <ClInclude Include="core\modeling\M2Definitions.h">
      <Filter>Core\Modeling</Filter>
    </ClInclude>
    <ClInclude Include="core\utility\Overload.h">
      <Filter>Core\Utility</Filter>
    </ClInclude>
    <ClInclude Include="core\database\WDBDefsGameDatabase.h">
      <Filter>Core\Database\WDBDefs</Filter>
    </ClInclude>
    <ClInclude Include="core\database\WDBDefsDatasets.h">
      <Filter>Core\Database\WDBDefs</Filter>
    </ClInclude>
    <ClInclude Include="core\database\WDBDefsDatasetAdaptors.h">
      <Filter>Core\Database\WDBDefs</Filter>
    </ClInclude>
    <ClInclude Include="core\database\TBCDatasets.h">
      <Filter>Core\Database\TBC</Filter>
    </ClInclude>
    <ClInclude Include="core\database\TBCGameDatabase.h">
      <Filter>Core\Database\TBC</Filter>
    </ClInclude>
    <ClInclude Include="core\database\TBCDatasetAdaptors.h">
      <Filter>Core\Database\TBC</Filter>
    </ClInclude>
    <ClInclude Include="core\database\TBCDefinitions.h">
      <Filter>Core\Database\Definition Files</Filter>
    </ClInclude>
  </ItemGroup>
</Project>